// !$*UTF8*$!
{
	archiveVersion = 1;
	classes = {
	};
	objectVersion = 46;
	objects = {

/* Begin PBXBuildFile section */
		8409D7A51BA4A45E00D49AAF /* ManageTeamViewController.swift in Sources */ = {isa = PBXBuildFile; fileRef = 8409D7A41BA4A45E00D49AAF /* ManageTeamViewController.swift */; };
		8409D7A81BA4AF5E00D49AAF /* ScheduleViewController.swift in Sources */ = {isa = PBXBuildFile; fileRef = 8409D7A71BA4AF5E00D49AAF /* ScheduleViewController.swift */; };
		848766091B9E0DBB0031C38D /* WebViewController.swift in Sources */ = {isa = PBXBuildFile; fileRef = 848766081B9E0DBB0031C38D /* WebViewController.swift */; };
		848DA01A1BA1D8F3006CC527 /* ManageRosterTableViewController.swift in Sources */ = {isa = PBXBuildFile; fileRef = 848DA0191BA1D8F3006CC527 /* ManageRosterTableViewController.swift */; };
		84E1B43B1B9DC34200453BB1 /* AppDelegate.swift in Sources */ = {isa = PBXBuildFile; fileRef = 84E1B43A1B9DC34200453BB1 /* AppDelegate.swift */; };
		84E1B4401B9DC34200453BB1 /* Main.storyboard in Resources */ = {isa = PBXBuildFile; fileRef = 84E1B43E1B9DC34200453BB1 /* Main.storyboard */; };
		84E1B4451B9DC34200453BB1 /* LaunchScreen.storyboard in Resources */ = {isa = PBXBuildFile; fileRef = 84E1B4431B9DC34200453BB1 /* LaunchScreen.storyboard */; };
		84E1B4501B9DC34200453BB1 /* UITests.swift in Sources */ = {isa = PBXBuildFile; fileRef = 84E1B44F1B9DC34200453BB1 /* UITests.swift */; };
		84E1B4871B9DC5CE00453BB1 /* Assets.xcassets in Resources */ = {isa = PBXBuildFile; fileRef = 84E1B4861B9DC5CE00453BB1 /* Assets.xcassets */; };
/* End PBXBuildFile section */

/* Begin PBXContainerItemProxy section */
		84E1B44C1B9DC34200453BB1 /* PBXContainerItemProxy */ = {
			isa = PBXContainerItemProxy;
			containerPortal = 84E1B42F1B9DC34200453BB1 /* Project object */;
			proxyType = 1;
			remoteGlobalIDString = 84E1B4361B9DC34200453BB1;
			remoteInfo = "UI Testing Cheat Sheet";
		};
/* End PBXContainerItemProxy section */

/* Begin PBXFileReference section */
		8409D7A41BA4A45E00D49AAF /* ManageTeamViewController.swift */ = {isa = PBXFileReference; fileEncoding = 4; lastKnownFileType = sourcecode.swift; path = ManageTeamViewController.swift; sourceTree = "<group>"; };
		8409D7A71BA4AF5E00D49AAF /* ScheduleViewController.swift */ = {isa = PBXFileReference; fileEncoding = 4; lastKnownFileType = sourcecode.swift; path = ScheduleViewController.swift; sourceTree = "<group>"; };
		848766081B9E0DBB0031C38D /* WebViewController.swift */ = {isa = PBXFileReference; fileEncoding = 4; lastKnownFileType = sourcecode.swift; path = WebViewController.swift; sourceTree = "<group>"; };
		848DA0191BA1D8F3006CC527 /* ManageRosterTableViewController.swift */ = {isa = PBXFileReference; fileEncoding = 4; lastKnownFileType = sourcecode.swift; path = ManageRosterTableViewController.swift; sourceTree = "<group>"; };
		84E1B4371B9DC34200453BB1 /* Volley.app */ = {isa = PBXFileReference; explicitFileType = wrapper.application; includeInIndex = 0; path = Volley.app; sourceTree = BUILT_PRODUCTS_DIR; };
		84E1B43A1B9DC34200453BB1 /* AppDelegate.swift */ = {isa = PBXFileReference; lastKnownFileType = sourcecode.swift; path = AppDelegate.swift; sourceTree = "<group>"; };
		84E1B43F1B9DC34200453BB1 /* Base */ = {isa = PBXFileReference; lastKnownFileType = file.storyboard; name = Base; path = Base.lproj/Main.storyboard; sourceTree = "<group>"; };
		84E1B4441B9DC34200453BB1 /* Base */ = {isa = PBXFileReference; lastKnownFileType = file.storyboard; name = Base; path = Base.lproj/LaunchScreen.storyboard; sourceTree = "<group>"; };
		84E1B4461B9DC34200453BB1 /* Info.plist */ = {isa = PBXFileReference; lastKnownFileType = text.plist.xml; path = Info.plist; sourceTree = "<group>"; };
		84E1B44B1B9DC34200453BB1 /* UI Tests.xctest */ = {isa = PBXFileReference; explicitFileType = wrapper.cfbundle; includeInIndex = 0; path = "UI Tests.xctest"; sourceTree = BUILT_PRODUCTS_DIR; };
		84E1B44F1B9DC34200453BB1 /* UITests.swift */ = {isa = PBXFileReference; lastKnownFileType = sourcecode.swift; path = UITests.swift; sourceTree = "<group>"; };
		84E1B4511B9DC34200453BB1 /* Info.plist */ = {isa = PBXFileReference; lastKnownFileType = text.plist.xml; path = Info.plist; sourceTree = "<group>"; };
		84E1B4861B9DC5CE00453BB1 /* Assets.xcassets */ = {isa = PBXFileReference; lastKnownFileType = folder.assetcatalog; path = Assets.xcassets; sourceTree = "<group>"; };
/* End PBXFileReference section */

/* Begin PBXFrameworksBuildPhase section */
		84E1B4341B9DC34200453BB1 /* Frameworks */ = {
			isa = PBXFrameworksBuildPhase;
			buildActionMask = 2147483647;
			files = (
			);
			runOnlyForDeploymentPostprocessing = 0;
		};
		84E1B4481B9DC34200453BB1 /* Frameworks */ = {
			isa = PBXFrameworksBuildPhase;
			buildActionMask = 2147483647;
			files = (
			);
			runOnlyForDeploymentPostprocessing = 0;
		};
/* End PBXFrameworksBuildPhase section */

/* Begin PBXGroup section */
		8409D7A61BA4A69A00D49AAF /* Controllers */ = {
			isa = PBXGroup;
			children = (
				848DA0191BA1D8F3006CC527 /* ManageRosterTableViewController.swift */,
				8409D7A41BA4A45E00D49AAF /* ManageTeamViewController.swift */,
				8409D7A71BA4AF5E00D49AAF /* ScheduleViewController.swift */,
				848766081B9E0DBB0031C38D /* WebViewController.swift */,
			);
			path = Controllers;
			sourceTree = "<group>";
		};
		84E1B42E1B9DC34200453BB1 = {
			isa = PBXGroup;
			children = (
				84E1B4391B9DC34200453BB1 /* App */,
				84E1B4381B9DC34200453BB1 /* Products */,
				84E1B44E1B9DC34200453BB1 /* UITests */,
			);
			sourceTree = "<group>";
		};
		84E1B4381B9DC34200453BB1 /* Products */ = {
			isa = PBXGroup;
			children = (
				84E1B4371B9DC34200453BB1 /* Volley.app */,
				84E1B44B1B9DC34200453BB1 /* UI Tests.xctest */,
			);
			name = Products;
			sourceTree = "<group>";
		};
		84E1B4391B9DC34200453BB1 /* App */ = {
			isa = PBXGroup;
			children = (
				84E1B43A1B9DC34200453BB1 /* AppDelegate.swift */,
				84E1B4861B9DC5CE00453BB1 /* Assets.xcassets */,
				8409D7A61BA4A69A00D49AAF /* Controllers */,
				84E1B4461B9DC34200453BB1 /* Info.plist */,
				84E1B4431B9DC34200453BB1 /* LaunchScreen.storyboard */,
				84E1B43E1B9DC34200453BB1 /* Main.storyboard */,
			);
			path = App;
			sourceTree = "<group>";
		};
		84E1B44E1B9DC34200453BB1 /* UITests */ = {
			isa = PBXGroup;
			children = (
				84E1B4511B9DC34200453BB1 /* Info.plist */,
				84E1B44F1B9DC34200453BB1 /* UITests.swift */,
			);
			path = UITests;
			sourceTree = "<group>";
		};
/* End PBXGroup section */

/* Begin PBXNativeTarget section */
		84E1B4361B9DC34200453BB1 /* Volley */ = {
			isa = PBXNativeTarget;
			buildConfigurationList = 84E1B4541B9DC34200453BB1 /* Build configuration list for PBXNativeTarget "Volley" */;
			buildPhases = (
				84E1B4331B9DC34200453BB1 /* Sources */,
				84E1B4341B9DC34200453BB1 /* Frameworks */,
				84E1B4351B9DC34200453BB1 /* Resources */,
			);
			buildRules = (
			);
			dependencies = (
			);
			name = Volley;
			productName = "UI Testing Cheat Sheet";
			productReference = 84E1B4371B9DC34200453BB1 /* Volley.app */;
			productType = "com.apple.product-type.application";
		};
		84E1B44A1B9DC34200453BB1 /* UI Tests */ = {
			isa = PBXNativeTarget;
			buildConfigurationList = 84E1B4571B9DC34200453BB1 /* Build configuration list for PBXNativeTarget "UI Tests" */;
			buildPhases = (
				84E1B4471B9DC34200453BB1 /* Sources */,
				84E1B4481B9DC34200453BB1 /* Frameworks */,
				84E1B4491B9DC34200453BB1 /* Resources */,
			);
			buildRules = (
			);
			dependencies = (
				84E1B44D1B9DC34200453BB1 /* PBXTargetDependency */,
			);
			name = "UI Tests";
			productName = "UI Testing Cheat SheetUITests";
			productReference = 84E1B44B1B9DC34200453BB1 /* UI Tests.xctest */;
			productType = "com.apple.product-type.bundle.ui-testing";
		};
/* End PBXNativeTarget section */

/* Begin PBXProject section */
		84E1B42F1B9DC34200453BB1 /* Project object */ = {
			isa = PBXProject;
			attributes = {
				LastUpgradeCheck = 1140;
				ORGANIZATIONNAME = Masilotti.com;
				TargetAttributes = {
					84E1B4361B9DC34200453BB1 = {
						CreatedOnToolsVersion = 7.0;
						LastSwiftMigration = 0800;
					};
					84E1B44A1B9DC34200453BB1 = {
						CreatedOnToolsVersion = 7.0;
						DevelopmentTeam = UZ7CKQ6UYU;
						LastSwiftMigration = 0800;
						TestTargetID = 84E1B4361B9DC34200453BB1;
					};
				};
			};
			buildConfigurationList = 84E1B4321B9DC34200453BB1 /* Build configuration list for PBXProject "UI Testing Cheat Sheet" */;
			compatibilityVersion = "Xcode 3.2";
			developmentRegion = en;
			hasScannedForEncodings = 0;
			knownRegions = (
				en,
				Base,
			);
			mainGroup = 84E1B42E1B9DC34200453BB1;
			productRefGroup = 84E1B4381B9DC34200453BB1 /* Products */;
			projectDirPath = "";
			projectRoot = "";
			targets = (
				84E1B4361B9DC34200453BB1 /* Volley */,
				84E1B44A1B9DC34200453BB1 /* UI Tests */,
			);
		};
/* End PBXProject section */

/* Begin PBXResourcesBuildPhase section */
		84E1B4351B9DC34200453BB1 /* Resources */ = {
			isa = PBXResourcesBuildPhase;
			buildActionMask = 2147483647;
			files = (
				84E1B4451B9DC34200453BB1 /* LaunchScreen.storyboard in Resources */,
				84E1B4871B9DC5CE00453BB1 /* Assets.xcassets in Resources */,
				84E1B4401B9DC34200453BB1 /* Main.storyboard in Resources */,
			);
			runOnlyForDeploymentPostprocessing = 0;
		};
		84E1B4491B9DC34200453BB1 /* Resources */ = {
			isa = PBXResourcesBuildPhase;
			buildActionMask = 2147483647;
			files = (
			);
			runOnlyForDeploymentPostprocessing = 0;
		};
/* End PBXResourcesBuildPhase section */

/* Begin PBXSourcesBuildPhase section */
		84E1B4331B9DC34200453BB1 /* Sources */ = {
			isa = PBXSourcesBuildPhase;
			buildActionMask = 2147483647;
			files = (
				848766091B9E0DBB0031C38D /* WebViewController.swift in Sources */,
				84E1B43B1B9DC34200453BB1 /* AppDelegate.swift in Sources */,
				8409D7A81BA4AF5E00D49AAF /* ScheduleViewController.swift in Sources */,
				8409D7A51BA4A45E00D49AAF /* ManageTeamViewController.swift in Sources */,
				848DA01A1BA1D8F3006CC527 /* ManageRosterTableViewController.swift in Sources */,
			);
			runOnlyForDeploymentPostprocessing = 0;
		};
		84E1B4471B9DC34200453BB1 /* Sources */ = {
			isa = PBXSourcesBuildPhase;
			buildActionMask = 2147483647;
			files = (
				84E1B4501B9DC34200453BB1 /* UITests.swift in Sources */,
			);
			runOnlyForDeploymentPostprocessing = 0;
		};
/* End PBXSourcesBuildPhase section */

/* Begin PBXTargetDependency section */
		84E1B44D1B9DC34200453BB1 /* PBXTargetDependency */ = {
			isa = PBXTargetDependency;
			target = 84E1B4361B9DC34200453BB1 /* Volley */;
			targetProxy = 84E1B44C1B9DC34200453BB1 /* PBXContainerItemProxy */;
		};
/* End PBXTargetDependency section */

/* Begin PBXVariantGroup section */
		84E1B43E1B9DC34200453BB1 /* Main.storyboard */ = {
			isa = PBXVariantGroup;
			children = (
				84E1B43F1B9DC34200453BB1 /* Base */,
			);
			name = Main.storyboard;
			sourceTree = "<group>";
		};
		84E1B4431B9DC34200453BB1 /* LaunchScreen.storyboard */ = {
			isa = PBXVariantGroup;
			children = (
				84E1B4441B9DC34200453BB1 /* Base */,
			);
			name = LaunchScreen.storyboard;
			sourceTree = "<group>";
		};
/* End PBXVariantGroup section */

/* Begin XCBuildConfiguration section */
		84E1B4521B9DC34200453BB1 /* Debug */ = {
			isa = XCBuildConfiguration;
			buildSettings = {
				ALWAYS_SEARCH_USER_PATHS = NO;
				CLANG_ANALYZER_LOCALIZABILITY_NONLOCALIZED = YES;
				CLANG_CXX_LANGUAGE_STANDARD = "gnu++0x";
				CLANG_CXX_LIBRARY = "libc++";
				CLANG_ENABLE_MODULES = YES;
				CLANG_ENABLE_OBJC_ARC = YES;
				CLANG_WARN_BLOCK_CAPTURE_AUTORELEASING = YES;
				CLANG_WARN_BOOL_CONVERSION = YES;
				CLANG_WARN_COMMA = YES;
				CLANG_WARN_CONSTANT_CONVERSION = YES;
				CLANG_WARN_DEPRECATED_OBJC_IMPLEMENTATIONS = YES;
				CLANG_WARN_DIRECT_OBJC_ISA_USAGE = YES_ERROR;
				CLANG_WARN_EMPTY_BODY = YES;
				CLANG_WARN_ENUM_CONVERSION = YES;
				CLANG_WARN_INFINITE_RECURSION = YES;
				CLANG_WARN_INT_CONVERSION = YES;
				CLANG_WARN_NON_LITERAL_NULL_CONVERSION = YES;
				CLANG_WARN_OBJC_IMPLICIT_RETAIN_SELF = YES;
				CLANG_WARN_OBJC_LITERAL_CONVERSION = YES;
				CLANG_WARN_OBJC_ROOT_CLASS = YES_ERROR;
				CLANG_WARN_RANGE_LOOP_ANALYSIS = YES;
				CLANG_WARN_STRICT_PROTOTYPES = YES;
				CLANG_WARN_SUSPICIOUS_MOVE = YES;
				CLANG_WARN_UNREACHABLE_CODE = YES;
				CLANG_WARN__DUPLICATE_METHOD_MATCH = YES;
				"CODE_SIGN_IDENTITY[sdk=iphoneos*]" = "iPhone Developer";
				COPY_PHASE_STRIP = NO;
				DEBUG_INFORMATION_FORMAT = dwarf;
				ENABLE_STRICT_OBJC_MSGSEND = YES;
				ENABLE_TESTABILITY = YES;
				GCC_C_LANGUAGE_STANDARD = gnu99;
				GCC_DYNAMIC_NO_PIC = NO;
				GCC_NO_COMMON_BLOCKS = YES;
				GCC_OPTIMIZATION_LEVEL = 0;
				GCC_PREPROCESSOR_DEFINITIONS = (
					"DEBUG=1",
					"$(inherited)",
				);
				GCC_WARN_64_TO_32_BIT_CONVERSION = YES;
				GCC_WARN_ABOUT_RETURN_TYPE = YES_ERROR;
				GCC_WARN_UNDECLARED_SELECTOR = YES;
				GCC_WARN_UNINITIALIZED_AUTOS = YES_AGGRESSIVE;
				GCC_WARN_UNUSED_FUNCTION = YES;
				GCC_WARN_UNUSED_VARIABLE = YES;
				IPHONEOS_DEPLOYMENT_TARGET = 9.0;
				MTL_ENABLE_DEBUG_INFO = YES;
				ONLY_ACTIVE_ARCH = YES;
				SDKROOT = iphoneos;
				SWIFT_OPTIMIZATION_LEVEL = "-Onone";
			};
			name = Debug;
		};
		84E1B4531B9DC34200453BB1 /* Release */ = {
			isa = XCBuildConfiguration;
			buildSettings = {
				ALWAYS_SEARCH_USER_PATHS = NO;
				CLANG_ANALYZER_LOCALIZABILITY_NONLOCALIZED = YES;
				CLANG_CXX_LANGUAGE_STANDARD = "gnu++0x";
				CLANG_CXX_LIBRARY = "libc++";
				CLANG_ENABLE_MODULES = YES;
				CLANG_ENABLE_OBJC_ARC = YES;
				CLANG_WARN_BLOCK_CAPTURE_AUTORELEASING = YES;
				CLANG_WARN_BOOL_CONVERSION = YES;
				CLANG_WARN_COMMA = YES;
				CLANG_WARN_CONSTANT_CONVERSION = YES;
				CLANG_WARN_DEPRECATED_OBJC_IMPLEMENTATIONS = YES;
				CLANG_WARN_DIRECT_OBJC_ISA_USAGE = YES_ERROR;
				CLANG_WARN_EMPTY_BODY = YES;
				CLANG_WARN_ENUM_CONVERSION = YES;
				CLANG_WARN_INFINITE_RECURSION = YES;
				CLANG_WARN_INT_CONVERSION = YES;
				CLANG_WARN_NON_LITERAL_NULL_CONVERSION = YES;
				CLANG_WARN_OBJC_IMPLICIT_RETAIN_SELF = YES;
				CLANG_WARN_OBJC_LITERAL_CONVERSION = YES;
				CLANG_WARN_OBJC_ROOT_CLASS = YES_ERROR;
				CLANG_WARN_RANGE_LOOP_ANALYSIS = YES;
				CLANG_WARN_STRICT_PROTOTYPES = YES;
				CLANG_WARN_SUSPICIOUS_MOVE = YES;
				CLANG_WARN_UNREACHABLE_CODE = YES;
				CLANG_WARN__DUPLICATE_METHOD_MATCH = YES;
				"CODE_SIGN_IDENTITY[sdk=iphoneos*]" = "iPhone Developer";
				COPY_PHASE_STRIP = NO;
				DEBUG_INFORMATION_FORMAT = "dwarf-with-dsym";
				ENABLE_NS_ASSERTIONS = NO;
				ENABLE_STRICT_OBJC_MSGSEND = YES;
				GCC_C_LANGUAGE_STANDARD = gnu99;
				GCC_NO_COMMON_BLOCKS = YES;
				GCC_WARN_64_TO_32_BIT_CONVERSION = YES;
				GCC_WARN_ABOUT_RETURN_TYPE = YES_ERROR;
				GCC_WARN_UNDECLARED_SELECTOR = YES;
				GCC_WARN_UNINITIALIZED_AUTOS = YES_AGGRESSIVE;
				GCC_WARN_UNUSED_FUNCTION = YES;
				GCC_WARN_UNUSED_VARIABLE = YES;
				IPHONEOS_DEPLOYMENT_TARGET = 9.0;
				MTL_ENABLE_DEBUG_INFO = NO;
				SDKROOT = iphoneos;
				SWIFT_OPTIMIZATION_LEVEL = "-Owholemodule";
				VALIDATE_PRODUCT = YES;
			};
			name = Release;
		};
		84E1B4551B9DC34200453BB1 /* Debug */ = {
			isa = XCBuildConfiguration;
			buildSettings = {
				ASSETCATALOG_COMPILER_APPICON_NAME = AppIcon;
				CODE_SIGN_IDENTITY = "iPhone Developer";
				INFOPLIST_FILE = "$(SRCROOT)/App/Info.plist";
				LD_RUNPATH_SEARCH_PATHS = "$(inherited) @executable_path/Frameworks";
				PRODUCT_BUNDLE_IDENTIFIER = "com.masilotti.UI-Testing-Cheat-Sheet";
				PRODUCT_NAME = "$(TARGET_NAME)";
				SWIFT_VERSION = 5.0;
			};
			name = Debug;
		};
		84E1B4561B9DC34200453BB1 /* Release */ = {
			isa = XCBuildConfiguration;
			buildSettings = {
				ASSETCATALOG_COMPILER_APPICON_NAME = AppIcon;
				CODE_SIGN_IDENTITY = "iPhone Developer";
				INFOPLIST_FILE = "$(SRCROOT)/App/Info.plist";
				LD_RUNPATH_SEARCH_PATHS = "$(inherited) @executable_path/Frameworks";
				PRODUCT_BUNDLE_IDENTIFIER = "com.masilotti.UI-Testing-Cheat-Sheet";
				PRODUCT_NAME = "$(TARGET_NAME)";
				SWIFT_VERSION = 5.0;
			};
			name = Release;
		};
		84E1B4581B9DC34200453BB1 /* Debug */ = {
			isa = XCBuildConfiguration;
			buildSettings = {
				INFOPLIST_FILE = UITests/Info.plist;
				LD_RUNPATH_SEARCH_PATHS = "$(inherited) @executable_path/Frameworks @loader_path/Frameworks";
				PRODUCT_BUNDLE_IDENTIFIER = "com.masilotti.UI-Testing-Cheat-SheetUITests";
				PRODUCT_NAME = "$(TARGET_NAME)";
				PROVISIONING_PROFILE = "";
				SWIFT_VERSION = 5.0;
				TEST_TARGET_NAME = Volley;
				USES_XCTRUNNER = YES;
			};
			name = Debug;
		};
		84E1B4591B9DC34200453BB1 /* Release */ = {
			isa = XCBuildConfiguration;
			buildSettings = {
				INFOPLIST_FILE = UITests/Info.plist;
				LD_RUNPATH_SEARCH_PATHS = "$(inherited) @executable_path/Frameworks @loader_path/Frameworks";
				PRODUCT_BUNDLE_IDENTIFIER = "com.masilotti.UI-Testing-Cheat-SheetUITests";
				PRODUCT_NAME = "$(TARGET_NAME)";
				PROVISIONING_PROFILE = "";
				SWIFT_VERSION = 5.0;
				TEST_TARGET_NAME = Volley;
				USES_XCTRUNNER = YES;
			};
			name = Release;
		};
/* End XCBuildConfiguration section */

/* Begin XCConfigurationList section */
		84E1B4321B9DC34200453BB1 /* Build configuration list for PBXProject "UI Testing Cheat Sheet" */ = {
			isa = XCConfigurationList;
			buildConfigurations = (
				84E1B4521B9DC34200453BB1 /* Debug */,
				84E1B4531B9DC34200453BB1 /* Release */,
			);
			defaultConfigurationIsVisible = 0;
			defaultConfigurationName = Release;
		};
		84E1B4541B9DC34200453BB1 /* Build configuration list for PBXNativeTarget "Volley" */ = {
			isa = XCConfigurationList;
			buildConfigurations = (
				84E1B4551B9DC34200453BB1 /* Debug */,
				84E1B4561B9DC34200453BB1 /* Release */,
			);
			defaultConfigurationIsVisible = 0;
			defaultConfigurationName = Release;
		};
		84E1B4571B9DC34200453BB1 /* Build configuration list for PBXNativeTarget "UI Tests" */ = {
			isa = XCConfigurationList;
			buildConfigurations = (
				84E1B4581B9DC34200453BB1 /* Debug */,
				84E1B4591B9DC34200453BB1 /* Release */,
			);
			defaultConfigurationIsVisible = 0;
			defaultConfigurationName = Release;
		};
/* End XCConfigurationList section */
	};
	rootObject = 84E1B42F1B9DC34200453BB1 /* Project object */;
}
